// !$*UTF8*$!
{
	archiveVersion = 1;
	classes = {
	};
	objectVersion = 56;
	objects = {

/* Begin PBXBuildFile section */
		162784822B9FC2C000C5225F /* CustomNavigationBar.swift in Sources */ = {isa = PBXBuildFile; fileRef = 162784812B9FC2C000C5225F /* CustomNavigationBar.swift */; };
		162856CA2B8AD0A500691759 /* FacialRecognizerViewModel.swift in Sources */ = {isa = PBXBuildFile; fileRef = 162856C92B8AD0A500691759 /* FacialRecognizerViewModel.swift */; };
		162856CC2B8AD0B000691759 /* FacialRecognizerViewController.swift in Sources */ = {isa = PBXBuildFile; fileRef = 162856CB2B8AD0B000691759 /* FacialRecognizerViewController.swift */; };
		162856CE2B8AD0B600691759 /* FacialRecognizerViewControllerRepresentable.swift in Sources */ = {isa = PBXBuildFile; fileRef = 162856CD2B8AD0B600691759 /* FacialRecognizerViewControllerRepresentable.swift */; };
		162856D02B8AD0BF00691759 /* FacialRecognizerView.swift in Sources */ = {isa = PBXBuildFile; fileRef = 162856CF2B8AD0BF00691759 /* FacialRecognizerView.swift */; };
		162856D72B8D242500691759 /* Inject.swift in Sources */ = {isa = PBXBuildFile; fileRef = 162856D62B8D242500691759 /* Inject.swift */; };
		162DCA4E2BA0DD8D005CB24A /* SpeechRecognizer.swift in Sources */ = {isa = PBXBuildFile; fileRef = 162DCA4D2BA0DD8D005CB24A /* SpeechRecognizer.swift */; };
		1633117D2B8D24DD00896058 /* Assembler.swift in Sources */ = {isa = PBXBuildFile; fileRef = 1633117C2B8D24DD00896058 /* Assembler.swift */; };
		1633117F2B8D255000896058 /* CameraAssembly.swift in Sources */ = {isa = PBXBuildFile; fileRef = 1633117E2B8D255000896058 /* CameraAssembly.swift */; };
		163311812B8D258F00896058 /* CaptureSessionManager+GetLuminosityValueFromCamera.swift in Sources */ = {isa = PBXBuildFile; fileRef = 163311802B8D258F00896058 /* CaptureSessionManager+GetLuminosityValueFromCamera.swift */; };
		163311872B8D2A9500896058 /* FlashlightManager.swift in Sources */ = {isa = PBXBuildFile; fileRef = 163311862B8D2A9500896058 /* FlashlightManager.swift */; };
		1633118D2B8D31E600896058 /* Swinject in Frameworks */ = {isa = PBXBuildFile; productRef = 1633118C2B8D31E600896058 /* Swinject */; };
		163311912B8D3C5600896058 /* CNNEmotions.mlmodel in Sources */ = {isa = PBXBuildFile; fileRef = 1633118E2B8D3C5300896058 /* CNNEmotions.mlmodel */; };
		163311922B8D3C5600896058 /* GenderNet.mlmodel in Sources */ = {isa = PBXBuildFile; fileRef = 1633118F2B8D3C5500896058 /* GenderNet.mlmodel */; };
		163311932B8D3C5600896058 /* AgeNet.mlmodel in Sources */ = {isa = PBXBuildFile; fileRef = 163311902B8D3C5600896058 /* AgeNet.mlmodel */; };
		163311A12B90AD4600896058 /* AmpelPilot_2812rg.mlmodel in Sources */ = {isa = PBXBuildFile; fileRef = 163311A02B90AD4600896058 /* AmpelPilot_2812rg.mlmodel */; };
		163311AE2B935D6700896058 /* Array+ArgMax.swift in Sources */ = {isa = PBXBuildFile; fileRef = 163311AD2B935D6700896058 /* Array+ArgMax.swift */; };
		163311B52B935EAB00896058 /* FeedbackManager.swift in Sources */ = {isa = PBXBuildFile; fileRef = 163311B42B935EAB00896058 /* FeedbackManager.swift */; };
		163311B82B935F2400896058 /* UtilsAssembly.swift in Sources */ = {isa = PBXBuildFile; fileRef = 163311B72B935F2400896058 /* UtilsAssembly.swift */; };
		163311BD2B936FF500896058 /* FeedbackType.swift in Sources */ = {isa = PBXBuildFile; fileRef = 163311BC2B936FF500896058 /* FeedbackType.swift */; };
		163311BF2B9371EB00896058 /* CMSampleBuffer+ConvertToPixelBuffer.swift in Sources */ = {isa = PBXBuildFile; fileRef = 163311BE2B9371EB00896058 /* CMSampleBuffer+ConvertToPixelBuffer.swift */; };
		163311C42B939C9100896058 /* ObjectBoundingBox.swift in Sources */ = {isa = PBXBuildFile; fileRef = 163311C32B939C9100896058 /* ObjectBoundingBox.swift */; };
		163311C62B939CC800896058 /* ObjectModel.swift in Sources */ = {isa = PBXBuildFile; fileRef = 163311C52B939CC800896058 /* ObjectModel.swift */; };
		163311CB2B939E8C00896058 /* IOU.swift in Sources */ = {isa = PBXBuildFile; fileRef = 163311CA2B939E8C00896058 /* IOU.swift */; };
		163311CD2B939EB800896058 /* Sigmoid.swift in Sources */ = {isa = PBXBuildFile; fileRef = 163311CC2B939EB800896058 /* Sigmoid.swift */; };
		163311CF2B939EF200896058 /* Softmax.swift in Sources */ = {isa = PBXBuildFile; fileRef = 163311CE2B939EF200896058 /* Softmax.swift */; };
		163311D42B939F9C00896058 /* Prediction.swift in Sources */ = {isa = PBXBuildFile; fileRef = 163311D32B939F9C00896058 /* Prediction.swift */; };
		163311D62B93A86E00896058 /* NonMaxSuppression.swift in Sources */ = {isa = PBXBuildFile; fileRef = 163311D52B93A86E00896058 /* NonMaxSuppression.swift */; };
		163311DA2B93BC6B00896058 /* YOLOV3.mlmodel in Sources */ = {isa = PBXBuildFile; fileRef = 163311D92B93BC6B00896058 /* YOLOV3.mlmodel */; };
		164668F52B66D37E0049AB03 /* DistanceMeasurerViewModel.swift in Sources */ = {isa = PBXBuildFile; fileRef = 164668F42B66D37E0049AB03 /* DistanceMeasurerViewModel.swift */; };
		164668FC2B66DDAE0049AB03 /* HomeViewModel.swift in Sources */ = {isa = PBXBuildFile; fileRef = 164668FB2B66DDAE0049AB03 /* HomeViewModel.swift */; };
		164668FE2B66DE010049AB03 /* CameraMode.swift in Sources */ = {isa = PBXBuildFile; fileRef = 164668FD2B66DE010049AB03 /* CameraMode.swift */; };
		164669002B6844E50049AB03 /* OnSwipe.swift in Sources */ = {isa = PBXBuildFile; fileRef = 164668FF2B6844E50049AB03 /* OnSwipe.swift */; };
		164669072B6856710049AB03 /* DocumentScannerView.swift in Sources */ = {isa = PBXBuildFile; fileRef = 164669062B6856710049AB03 /* DocumentScannerView.swift */; };
		1646690A2B685CF50049AB03 /* RoundedRectLabel.swift in Sources */ = {isa = PBXBuildFile; fileRef = 164669092B685CF50049AB03 /* RoundedRectLabel.swift */; };
		1646690F2B6991E00049AB03 /* ColorDetectorViewController.swift in Sources */ = {isa = PBXBuildFile; fileRef = 1646690E2B6991E00049AB03 /* ColorDetectorViewController.swift */; };
		164E11172B45E167008EF153 /* ReEnabledApp.swift in Sources */ = {isa = PBXBuildFile; fileRef = 164E11162B45E167008EF153 /* ReEnabledApp.swift */; };
		164E11192B45E167008EF153 /* ContentView.swift in Sources */ = {isa = PBXBuildFile; fileRef = 164E11182B45E167008EF153 /* ContentView.swift */; };
		164E111B2B45E169008EF153 /* Assets.xcassets in Resources */ = {isa = PBXBuildFile; fileRef = 164E111A2B45E169008EF153 /* Assets.xcassets */; };
		164E111E2B45E169008EF153 /* Preview Assets.xcassets in Resources */ = {isa = PBXBuildFile; fileRef = 164E111D2B45E169008EF153 /* Preview Assets.xcassets */; };
		164E11252B4615DF008EF153 /* SplashScreenView.swift in Sources */ = {isa = PBXBuildFile; fileRef = 164E11242B4615DF008EF153 /* SplashScreenView.swift */; };
		164E112A2B46172F008EF153 /* Views.swift in Sources */ = {isa = PBXBuildFile; fileRef = 164E11292B46172F008EF153 /* Views.swift */; };
		164E112D2B46183A008EF153 /* SplashScreenViewModel.swift in Sources */ = {isa = PBXBuildFile; fileRef = 164E112C2B46183A008EF153 /* SplashScreenViewModel.swift */; };
		164E11372B47180C008EF153 /* TabBarItem.swift in Sources */ = {isa = PBXBuildFile; fileRef = 164E11332B47180C008EF153 /* TabBarItem.swift */; };
		164E11382B47180C008EF153 /* CustomTabBarView.swift in Sources */ = {isa = PBXBuildFile; fileRef = 164E11342B47180C008EF153 /* CustomTabBarView.swift */; };
		164E11392B47180C008EF153 /* CustomTabBarContainerView.swift in Sources */ = {isa = PBXBuildFile; fileRef = 164E11352B47180C008EF153 /* CustomTabBarContainerView.swift */; };
		164E113A2B47180C008EF153 /* TabBarItemsPreferenceKey.swift in Sources */ = {isa = PBXBuildFile; fileRef = 164E11362B47180C008EF153 /* TabBarItemsPreferenceKey.swift */; };
		164E113D2B471C94008EF153 /* MeasureViewSize.swift in Sources */ = {isa = PBXBuildFile; fileRef = 164E113C2B471C94008EF153 /* MeasureViewSize.swift */; };
		164E11422B471D1A008EF153 /* TabBarStateManager.swift in Sources */ = {isa = PBXBuildFile; fileRef = 164E11412B471D1A008EF153 /* TabBarStateManager.swift */; };
		164E11442B471ECB008EF153 /* ConditionalView.swift in Sources */ = {isa = PBXBuildFile; fileRef = 164E11432B471ECB008EF153 /* ConditionalView.swift */; };
		164E11492B472115008EF153 /* HomeView.swift in Sources */ = {isa = PBXBuildFile; fileRef = 164E11482B472115008EF153 /* HomeView.swift */; };
		164E114B2B47211D008EF153 /* SearchView.swift in Sources */ = {isa = PBXBuildFile; fileRef = 164E114A2B47211D008EF153 /* SearchView.swift */; };
		164E114D2B472122008EF153 /* HelpView.swift in Sources */ = {isa = PBXBuildFile; fileRef = 164E114C2B472122008EF153 /* HelpView.swift */; };
		165117252B94A0DD00779E89 /* LytNetV1.mlmodel in Sources */ = {isa = PBXBuildFile; fileRef = 165117242B94A0DD00779E89 /* LytNetV1.mlmodel */; };
		1651172B2B94A1D000779E89 /* PedestrianCrossingRecognizerViewModel.swift in Sources */ = {isa = PBXBuildFile; fileRef = 1651172A2B94A1D000779E89 /* PedestrianCrossingRecognizerViewModel.swift */; };
		165117332B94A4E700779E89 /* ExifOrientation.swift in Sources */ = {isa = PBXBuildFile; fileRef = 165117322B94A4E700779E89 /* ExifOrientation.swift */; };
		165117352B94F41D00779E89 /* SessionPreset.swift in Sources */ = {isa = PBXBuildFile; fileRef = 165117342B94F41D00779E89 /* SessionPreset.swift */; };
		165795BD2B549DD6009142C1 /* OpenAI in Frameworks */ = {isa = PBXBuildFile; productRef = 165795BC2B549DD6009142C1 /* OpenAI */; };
		1670C60A2B6ED76E005CF24B /* DetectorFrame.swift in Sources */ = {isa = PBXBuildFile; fileRef = 1670C6092B6ED76E005CF24B /* DetectorFrame.swift */; };
		1670C60C2B6ED795005CF24B /* ColorDetectorView.swift in Sources */ = {isa = PBXBuildFile; fileRef = 1670C60B2B6ED795005CF24B /* ColorDetectorView.swift */; };
		1670C60F2B6EEA19005CF24B /* ColorDetectorViewControllerRepresentable.swift in Sources */ = {isa = PBXBuildFile; fileRef = 1670C60E2B6EEA19005CF24B /* ColorDetectorViewControllerRepresentable.swift */; };
		1670C6112B6EF853005CF24B /* CALayer+PickColor.swift in Sources */ = {isa = PBXBuildFile; fileRef = 1670C6102B6EF853005CF24B /* CALayer+PickColor.swift */; };
		1670C6162B6FAA9B005CF24B /* LightDetectorViewController.swift in Sources */ = {isa = PBXBuildFile; fileRef = 1670C6152B6FAA9B005CF24B /* LightDetectorViewController.swift */; };
		1670C61A2B6FB8F0005CF24B /* CaptureSessionManager.swift in Sources */ = {isa = PBXBuildFile; fileRef = 1670C6192B6FB8F0005CF24B /* CaptureSessionManager.swift */; };
		1670C6212B6FC5DD005CF24B /* ColorDetectorViewModel.swift in Sources */ = {isa = PBXBuildFile; fileRef = 1670C6202B6FC5DD005CF24B /* ColorDetectorViewModel.swift */; };
		1682D3172B8544570028CE73 /* CurrencyDetectorViewModel.swift in Sources */ = {isa = PBXBuildFile; fileRef = 1682D3162B8544570028CE73 /* CurrencyDetectorViewModel.swift */; };
		1682D3192B8544660028CE73 /* CurrencyDetectorViewController.swift in Sources */ = {isa = PBXBuildFile; fileRef = 1682D3182B8544660028CE73 /* CurrencyDetectorViewController.swift */; };
		1682D31B2B8544700028CE73 /* CurrencyDetectorViewControllerRepresentable.swift in Sources */ = {isa = PBXBuildFile; fileRef = 1682D31A2B8544700028CE73 /* CurrencyDetectorViewControllerRepresentable.swift */; };
		1682D31D2B85448E0028CE73 /* CurrencyDetectorView.swift in Sources */ = {isa = PBXBuildFile; fileRef = 1682D31C2B85448E0028CE73 /* CurrencyDetectorView.swift */; };
		1682D31F2B8548F10028CE73 /* MLModel.swift in Sources */ = {isa = PBXBuildFile; fileRef = 1682D31E2B8548F10028CE73 /* MLModel.swift */; };
		1694F1842B98EF7800928103 /* MainRecognizerViewController.swift in Sources */ = {isa = PBXBuildFile; fileRef = 1694F1832B98EF7800928103 /* MainRecognizerViewController.swift */; };
		1694F1862B98EF8B00928103 /* MainRecognizerViewControllerRepresentable.swift in Sources */ = {isa = PBXBuildFile; fileRef = 1694F1852B98EF8B00928103 /* MainRecognizerViewControllerRepresentable.swift */; };
		1694F1882B98EF9400928103 /* MainRecognizerView.swift in Sources */ = {isa = PBXBuildFile; fileRef = 1694F1872B98EF9400928103 /* MainRecognizerView.swift */; };
		1694F18B2B98F37A00928103 /* ObjectsRecognizing.swift in Sources */ = {isa = PBXBuildFile; fileRef = 1694F18A2B98F37A00928103 /* ObjectsRecognizing.swift */; };
		1694F18E2B98FBE300928103 /* RoadLightsRecognizing.swift in Sources */ = {isa = PBXBuildFile; fileRef = 1694F18D2B98FBE300928103 /* RoadLightsRecognizing.swift */; };
		1694F1912B98FC5900928103 /* MainRecognizerViewController+ObjectsRecognizing.swift in Sources */ = {isa = PBXBuildFile; fileRef = 1694F1902B98FC5900928103 /* MainRecognizerViewController+ObjectsRecognizing.swift */; };
		1694F1932B98FD0100928103 /* MainRecognizerViewController+DistanceMeasuring.swift in Sources */ = {isa = PBXBuildFile; fileRef = 1694F1922B98FD0100928103 /* MainRecognizerViewController+DistanceMeasuring.swift */; };
		1694F1962B98FD2F00928103 /* DistanceMeasuring.swift in Sources */ = {isa = PBXBuildFile; fileRef = 1694F1952B98FD2F00928103 /* DistanceMeasuring.swift */; };
		1694F1982B98FD4700928103 /* MainRecognizerViewController+RoadLightsRecognizing.swift in Sources */ = {isa = PBXBuildFile; fileRef = 1694F1972B98FD4700928103 /* MainRecognizerViewController+RoadLightsRecognizing.swift */; };
		1694F19B2B98FD6700928103 /* MainRecognizerViewController+PedestrianCrossingRecognizing.swift in Sources */ = {isa = PBXBuildFile; fileRef = 1694F19A2B98FD6700928103 /* MainRecognizerViewController+PedestrianCrossingRecognizing.swift */; };
		1694F19D2B98FD7400928103 /* PedestrianCrossingRecognizing.swift in Sources */ = {isa = PBXBuildFile; fileRef = 1694F19C2B98FD7400928103 /* PedestrianCrossingRecognizing.swift */; };
		1694F19F2B9A1E8700928103 /* RoadLightType.swift in Sources */ = {isa = PBXBuildFile; fileRef = 1694F19E2B9A1E8700928103 /* RoadLightType.swift */; };
		16B4468E2B9FA21B002504F5 /* SearchViewModel.swift in Sources */ = {isa = PBXBuildFile; fileRef = 16B4468D2B9FA21B002504F5 /* SearchViewModel.swift */; };
		16B446912B9FA22B002504F5 /* Message.swift in Sources */ = {isa = PBXBuildFile; fileRef = 16B446902B9FA22B002504F5 /* Message.swift */; };
		16B446932B9FA2C1002504F5 /* Conversation.swift in Sources */ = {isa = PBXBuildFile; fileRef = 16B446922B9FA2C1002504F5 /* Conversation.swift */; };
		16B446972B9FAAFB002504F5 /* DateFormatter+Extension.swift in Sources */ = {isa = PBXBuildFile; fileRef = 16B446962B9FAAFB002504F5 /* DateFormatter+Extension.swift */; };
		16CF87752B74131900AD5ABC /* LightDetectorViewControllerRepresentable.swift in Sources */ = {isa = PBXBuildFile; fileRef = 16CF87742B74131900AD5ABC /* LightDetectorViewControllerRepresentable.swift */; };
		16CF87772B74132000AD5ABC /* LightDetectorViewModel.swift in Sources */ = {isa = PBXBuildFile; fileRef = 16CF87762B74132000AD5ABC /* LightDetectorViewModel.swift */; };
		16CF87792B74132E00AD5ABC /* LightDetectorView.swift in Sources */ = {isa = PBXBuildFile; fileRef = 16CF87782B74132E00AD5ABC /* LightDetectorView.swift */; };
		16E170082B6FDA4C00F984FB /* ObjectsRecognizerViewModel.swift in Sources */ = {isa = PBXBuildFile; fileRef = 16E170072B6FDA4C00F984FB /* ObjectsRecognizerViewModel.swift */; };
		16F5647F2B9655F500A831F2 /* PedestrianCrossingModel.swift in Sources */ = {isa = PBXBuildFile; fileRef = 16F5647E2B9655F500A831F2 /* PedestrianCrossingModel.swift */; };
		16F564812B965CE300A831F2 /* PedestrianCrossingPrediction.swift in Sources */ = {isa = PBXBuildFile; fileRef = 16F564802B965CE300A831F2 /* PedestrianCrossingPrediction.swift */; };
		16F564832B96623500A831F2 /* PedestrianCrossingLightType.swift in Sources */ = {isa = PBXBuildFile; fileRef = 16F564822B96623500A831F2 /* PedestrianCrossingLightType.swift */; };
		16F564852B9662F300A831F2 /* PersonPositionActionType.swift in Sources */ = {isa = PBXBuildFile; fileRef = 16F564842B9662F300A831F2 /* PersonPositionActionType.swift */; };
		16F564872B96634000A831F2 /* DeviceOrientationActionType.swift in Sources */ = {isa = PBXBuildFile; fileRef = 16F564862B96634000A831F2 /* DeviceOrientationActionType.swift */; };
		16F564B52B98ECF900A831F2 /* RoadLightsBoundingBox.swift in Sources */ = {isa = PBXBuildFile; fileRef = 16F564B42B98ECF900A831F2 /* RoadLightsBoundingBox.swift */; };
		16F564B72B98ED0000A831F2 /* RoadLightsModel.swift in Sources */ = {isa = PBXBuildFile; fileRef = 16F564B62B98ED0000A831F2 /* RoadLightsModel.swift */; };
		16F564B92B98ED0900A831F2 /* RoadLightsTypeManager.swift in Sources */ = {isa = PBXBuildFile; fileRef = 16F564B82B98ED0900A831F2 /* RoadLightsTypeManager.swift */; };
		16F564BB2B98ED1700A831F2 /* RoadLightsRecognizerViewModel.swift in Sources */ = {isa = PBXBuildFile; fileRef = 16F564BA2B98ED1700A831F2 /* RoadLightsRecognizerViewModel.swift */; };
/* End PBXBuildFile section */

/* Begin PBXCopyFilesBuildPhase section */
		163311852B8D280900896058 /* Embed Frameworks */ = {
			isa = PBXCopyFilesBuildPhase;
			buildActionMask = 2147483647;
			dstPath = "";
			dstSubfolderSpec = 10;
			files = (
			);
			name = "Embed Frameworks";
			runOnlyForDeploymentPostprocessing = 0;
		};
/* End PBXCopyFilesBuildPhase section */

/* Begin PBXFileReference section */
		162784812B9FC2C000C5225F /* CustomNavigationBar.swift */ = {isa = PBXFileReference; lastKnownFileType = sourcecode.swift; path = CustomNavigationBar.swift; sourceTree = "<group>"; };
		162856C92B8AD0A500691759 /* FacialRecognizerViewModel.swift */ = {isa = PBXFileReference; lastKnownFileType = sourcecode.swift; path = FacialRecognizerViewModel.swift; sourceTree = "<group>"; };
		162856CB2B8AD0B000691759 /* FacialRecognizerViewController.swift */ = {isa = PBXFileReference; lastKnownFileType = sourcecode.swift; path = FacialRecognizerViewController.swift; sourceTree = "<group>"; };
		162856CD2B8AD0B600691759 /* FacialRecognizerViewControllerRepresentable.swift */ = {isa = PBXFileReference; lastKnownFileType = sourcecode.swift; path = FacialRecognizerViewControllerRepresentable.swift; sourceTree = "<group>"; };
		162856CF2B8AD0BF00691759 /* FacialRecognizerView.swift */ = {isa = PBXFileReference; lastKnownFileType = sourcecode.swift; path = FacialRecognizerView.swift; sourceTree = "<group>"; };
		162856D62B8D242500691759 /* Inject.swift */ = {isa = PBXFileReference; lastKnownFileType = sourcecode.swift; path = Inject.swift; sourceTree = "<group>"; };
		162DCA4D2BA0DD8D005CB24A /* SpeechRecognizer.swift */ = {isa = PBXFileReference; lastKnownFileType = sourcecode.swift; path = SpeechRecognizer.swift; sourceTree = "<group>"; };
		1633117C2B8D24DD00896058 /* Assembler.swift */ = {isa = PBXFileReference; lastKnownFileType = sourcecode.swift; path = Assembler.swift; sourceTree = "<group>"; };
		1633117E2B8D255000896058 /* CameraAssembly.swift */ = {isa = PBXFileReference; lastKnownFileType = sourcecode.swift; path = CameraAssembly.swift; sourceTree = "<group>"; };
		163311802B8D258F00896058 /* CaptureSessionManager+GetLuminosityValueFromCamera.swift */ = {isa = PBXFileReference; lastKnownFileType = sourcecode.swift; path = "CaptureSessionManager+GetLuminosityValueFromCamera.swift"; sourceTree = "<group>"; };
		163311862B8D2A9500896058 /* FlashlightManager.swift */ = {isa = PBXFileReference; lastKnownFileType = sourcecode.swift; path = FlashlightManager.swift; sourceTree = "<group>"; };
		1633118E2B8D3C5300896058 /* CNNEmotions.mlmodel */ = {isa = PBXFileReference; lastKnownFileType = file.mlmodel; path = CNNEmotions.mlmodel; sourceTree = "<group>"; };
		1633118F2B8D3C5500896058 /* GenderNet.mlmodel */ = {isa = PBXFileReference; lastKnownFileType = file.mlmodel; path = GenderNet.mlmodel; sourceTree = "<group>"; };
		163311902B8D3C5600896058 /* AgeNet.mlmodel */ = {isa = PBXFileReference; lastKnownFileType = file.mlmodel; path = AgeNet.mlmodel; sourceTree = "<group>"; };
		163311A02B90AD4600896058 /* AmpelPilot_2812rg.mlmodel */ = {isa = PBXFileReference; lastKnownFileType = file.mlmodel; path = AmpelPilot_2812rg.mlmodel; sourceTree = "<group>"; };
		163311AD2B935D6700896058 /* Array+ArgMax.swift */ = {isa = PBXFileReference; lastKnownFileType = sourcecode.swift; path = "Array+ArgMax.swift"; sourceTree = "<group>"; };
		163311B42B935EAB00896058 /* FeedbackManager.swift */ = {isa = PBXFileReference; lastKnownFileType = sourcecode.swift; path = FeedbackManager.swift; sourceTree = "<group>"; };
		163311B72B935F2400896058 /* UtilsAssembly.swift */ = {isa = PBXFileReference; lastKnownFileType = sourcecode.swift; path = UtilsAssembly.swift; sourceTree = "<group>"; };
		163311BC2B936FF500896058 /* FeedbackType.swift */ = {isa = PBXFileReference; lastKnownFileType = sourcecode.swift; path = FeedbackType.swift; sourceTree = "<group>"; };
		163311BE2B9371EB00896058 /* CMSampleBuffer+ConvertToPixelBuffer.swift */ = {isa = PBXFileReference; lastKnownFileType = sourcecode.swift; path = "CMSampleBuffer+ConvertToPixelBuffer.swift"; sourceTree = "<group>"; };
		163311C32B939C9100896058 /* ObjectBoundingBox.swift */ = {isa = PBXFileReference; lastKnownFileType = sourcecode.swift; path = ObjectBoundingBox.swift; sourceTree = "<group>"; };
		163311C52B939CC800896058 /* ObjectModel.swift */ = {isa = PBXFileReference; lastKnownFileType = sourcecode.swift; path = ObjectModel.swift; sourceTree = "<group>"; };
		163311CA2B939E8C00896058 /* IOU.swift */ = {isa = PBXFileReference; lastKnownFileType = sourcecode.swift; path = IOU.swift; sourceTree = "<group>"; };
		163311CC2B939EB800896058 /* Sigmoid.swift */ = {isa = PBXFileReference; lastKnownFileType = sourcecode.swift; path = Sigmoid.swift; sourceTree = "<group>"; };
		163311CE2B939EF200896058 /* Softmax.swift */ = {isa = PBXFileReference; lastKnownFileType = sourcecode.swift; path = Softmax.swift; sourceTree = "<group>"; };
		163311D32B939F9C00896058 /* Prediction.swift */ = {isa = PBXFileReference; lastKnownFileType = sourcecode.swift; path = Prediction.swift; sourceTree = "<group>"; };
		163311D52B93A86E00896058 /* NonMaxSuppression.swift */ = {isa = PBXFileReference; lastKnownFileType = sourcecode.swift; path = NonMaxSuppression.swift; sourceTree = "<group>"; };
		163311D92B93BC6B00896058 /* YOLOV3.mlmodel */ = {isa = PBXFileReference; lastKnownFileType = file.mlmodel; path = YOLOV3.mlmodel; sourceTree = "<group>"; };
		164668F42B66D37E0049AB03 /* DistanceMeasurerViewModel.swift */ = {isa = PBXFileReference; lastKnownFileType = sourcecode.swift; path = DistanceMeasurerViewModel.swift; sourceTree = "<group>"; };
		164668FB2B66DDAE0049AB03 /* HomeViewModel.swift */ = {isa = PBXFileReference; lastKnownFileType = sourcecode.swift; path = HomeViewModel.swift; sourceTree = "<group>"; };
		164668FD2B66DE010049AB03 /* CameraMode.swift */ = {isa = PBXFileReference; lastKnownFileType = sourcecode.swift; path = CameraMode.swift; sourceTree = "<group>"; };
		164668FF2B6844E50049AB03 /* OnSwipe.swift */ = {isa = PBXFileReference; lastKnownFileType = sourcecode.swift; path = OnSwipe.swift; sourceTree = "<group>"; };
		164669062B6856710049AB03 /* DocumentScannerView.swift */ = {isa = PBXFileReference; lastKnownFileType = sourcecode.swift; path = DocumentScannerView.swift; sourceTree = "<group>"; };
		164669092B685CF50049AB03 /* RoundedRectLabel.swift */ = {isa = PBXFileReference; lastKnownFileType = sourcecode.swift; path = RoundedRectLabel.swift; sourceTree = "<group>"; };
		1646690E2B6991E00049AB03 /* ColorDetectorViewController.swift */ = {isa = PBXFileReference; lastKnownFileType = sourcecode.swift; path = ColorDetectorViewController.swift; sourceTree = "<group>"; };
		164E11132B45E167008EF153 /* ReEnabled.app */ = {isa = PBXFileReference; explicitFileType = wrapper.application; includeInIndex = 0; path = ReEnabled.app; sourceTree = BUILT_PRODUCTS_DIR; };
		164E11162B45E167008EF153 /* ReEnabledApp.swift */ = {isa = PBXFileReference; lastKnownFileType = sourcecode.swift; path = ReEnabledApp.swift; sourceTree = "<group>"; };
		164E11182B45E167008EF153 /* ContentView.swift */ = {isa = PBXFileReference; lastKnownFileType = sourcecode.swift; path = ContentView.swift; sourceTree = "<group>"; };
		164E111A2B45E169008EF153 /* Assets.xcassets */ = {isa = PBXFileReference; lastKnownFileType = folder.assetcatalog; path = Assets.xcassets; sourceTree = "<group>"; };
		164E111D2B45E169008EF153 /* Preview Assets.xcassets */ = {isa = PBXFileReference; lastKnownFileType = folder.assetcatalog; path = "Preview Assets.xcassets"; sourceTree = "<group>"; };
		164E11242B4615DF008EF153 /* SplashScreenView.swift */ = {isa = PBXFileReference; lastKnownFileType = sourcecode.swift; path = SplashScreenView.swift; sourceTree = "<group>"; };
		164E11292B46172F008EF153 /* Views.swift */ = {isa = PBXFileReference; lastKnownFileType = sourcecode.swift; path = Views.swift; sourceTree = "<group>"; };
		164E112C2B46183A008EF153 /* SplashScreenViewModel.swift */ = {isa = PBXFileReference; lastKnownFileType = sourcecode.swift; path = SplashScreenViewModel.swift; sourceTree = "<group>"; };
		164E11332B47180C008EF153 /* TabBarItem.swift */ = {isa = PBXFileReference; fileEncoding = 4; lastKnownFileType = sourcecode.swift; path = TabBarItem.swift; sourceTree = "<group>"; };
		164E11342B47180C008EF153 /* CustomTabBarView.swift */ = {isa = PBXFileReference; fileEncoding = 4; lastKnownFileType = sourcecode.swift; path = CustomTabBarView.swift; sourceTree = "<group>"; };
		164E11352B47180C008EF153 /* CustomTabBarContainerView.swift */ = {isa = PBXFileReference; fileEncoding = 4; lastKnownFileType = sourcecode.swift; path = CustomTabBarContainerView.swift; sourceTree = "<group>"; };
		164E11362B47180C008EF153 /* TabBarItemsPreferenceKey.swift */ = {isa = PBXFileReference; fileEncoding = 4; lastKnownFileType = sourcecode.swift; path = TabBarItemsPreferenceKey.swift; sourceTree = "<group>"; };
		164E113C2B471C94008EF153 /* MeasureViewSize.swift */ = {isa = PBXFileReference; fileEncoding = 4; lastKnownFileType = sourcecode.swift; path = MeasureViewSize.swift; sourceTree = "<group>"; };
		164E11412B471D1A008EF153 /* TabBarStateManager.swift */ = {isa = PBXFileReference; fileEncoding = 4; lastKnownFileType = sourcecode.swift; path = TabBarStateManager.swift; sourceTree = "<group>"; };
		164E11432B471ECB008EF153 /* ConditionalView.swift */ = {isa = PBXFileReference; lastKnownFileType = sourcecode.swift; path = ConditionalView.swift; sourceTree = "<group>"; };
		164E11482B472115008EF153 /* HomeView.swift */ = {isa = PBXFileReference; lastKnownFileType = sourcecode.swift; path = HomeView.swift; sourceTree = "<group>"; };
		164E114A2B47211D008EF153 /* SearchView.swift */ = {isa = PBXFileReference; lastKnownFileType = sourcecode.swift; path = SearchView.swift; sourceTree = "<group>"; };
		164E114C2B472122008EF153 /* HelpView.swift */ = {isa = PBXFileReference; lastKnownFileType = sourcecode.swift; path = HelpView.swift; sourceTree = "<group>"; };
		165117242B94A0DD00779E89 /* LytNetV1.mlmodel */ = {isa = PBXFileReference; lastKnownFileType = file.mlmodel; path = LytNetV1.mlmodel; sourceTree = "<group>"; };
		1651172A2B94A1D000779E89 /* PedestrianCrossingRecognizerViewModel.swift */ = {isa = PBXFileReference; lastKnownFileType = sourcecode.swift; path = PedestrianCrossingRecognizerViewModel.swift; sourceTree = "<group>"; };
		165117322B94A4E700779E89 /* ExifOrientation.swift */ = {isa = PBXFileReference; lastKnownFileType = sourcecode.swift; path = ExifOrientation.swift; sourceTree = "<group>"; };
		165117342B94F41D00779E89 /* SessionPreset.swift */ = {isa = PBXFileReference; lastKnownFileType = sourcecode.swift; path = SessionPreset.swift; sourceTree = "<group>"; };
		1670C6092B6ED76E005CF24B /* DetectorFrame.swift */ = {isa = PBXFileReference; lastKnownFileType = sourcecode.swift; path = DetectorFrame.swift; sourceTree = "<group>"; };
		1670C60B2B6ED795005CF24B /* ColorDetectorView.swift */ = {isa = PBXFileReference; lastKnownFileType = sourcecode.swift; path = ColorDetectorView.swift; sourceTree = "<group>"; };
		1670C60E2B6EEA19005CF24B /* ColorDetectorViewControllerRepresentable.swift */ = {isa = PBXFileReference; lastKnownFileType = sourcecode.swift; path = ColorDetectorViewControllerRepresentable.swift; sourceTree = "<group>"; };
		1670C6102B6EF853005CF24B /* CALayer+PickColor.swift */ = {isa = PBXFileReference; lastKnownFileType = sourcecode.swift; path = "CALayer+PickColor.swift"; sourceTree = "<group>"; };
		1670C6152B6FAA9B005CF24B /* LightDetectorViewController.swift */ = {isa = PBXFileReference; lastKnownFileType = sourcecode.swift; path = LightDetectorViewController.swift; sourceTree = "<group>"; };
		1670C6192B6FB8F0005CF24B /* CaptureSessionManager.swift */ = {isa = PBXFileReference; lastKnownFileType = sourcecode.swift; path = CaptureSessionManager.swift; sourceTree = "<group>"; };
		1670C6202B6FC5DD005CF24B /* ColorDetectorViewModel.swift */ = {isa = PBXFileReference; lastKnownFileType = sourcecode.swift; path = ColorDetectorViewModel.swift; sourceTree = "<group>"; };
		1682D3162B8544570028CE73 /* CurrencyDetectorViewModel.swift */ = {isa = PBXFileReference; lastKnownFileType = sourcecode.swift; path = CurrencyDetectorViewModel.swift; sourceTree = "<group>"; };
		1682D3182B8544660028CE73 /* CurrencyDetectorViewController.swift */ = {isa = PBXFileReference; lastKnownFileType = sourcecode.swift; path = CurrencyDetectorViewController.swift; sourceTree = "<group>"; };
		1682D31A2B8544700028CE73 /* CurrencyDetectorViewControllerRepresentable.swift */ = {isa = PBXFileReference; lastKnownFileType = sourcecode.swift; path = CurrencyDetectorViewControllerRepresentable.swift; sourceTree = "<group>"; };
		1682D31C2B85448E0028CE73 /* CurrencyDetectorView.swift */ = {isa = PBXFileReference; lastKnownFileType = sourcecode.swift; path = CurrencyDetectorView.swift; sourceTree = "<group>"; };
		1682D31E2B8548F10028CE73 /* MLModel.swift */ = {isa = PBXFileReference; lastKnownFileType = sourcecode.swift; path = MLModel.swift; sourceTree = "<group>"; };
		1694F1832B98EF7800928103 /* MainRecognizerViewController.swift */ = {isa = PBXFileReference; lastKnownFileType = sourcecode.swift; path = MainRecognizerViewController.swift; sourceTree = "<group>"; };
		1694F1852B98EF8B00928103 /* MainRecognizerViewControllerRepresentable.swift */ = {isa = PBXFileReference; lastKnownFileType = sourcecode.swift; path = MainRecognizerViewControllerRepresentable.swift; sourceTree = "<group>"; };
		1694F1872B98EF9400928103 /* MainRecognizerView.swift */ = {isa = PBXFileReference; lastKnownFileType = sourcecode.swift; path = MainRecognizerView.swift; sourceTree = "<group>"; };
		1694F18A2B98F37A00928103 /* ObjectsRecognizing.swift */ = {isa = PBXFileReference; lastKnownFileType = sourcecode.swift; path = ObjectsRecognizing.swift; sourceTree = "<group>"; };
		1694F18D2B98FBE300928103 /* RoadLightsRecognizing.swift */ = {isa = PBXFileReference; lastKnownFileType = sourcecode.swift; path = RoadLightsRecognizing.swift; sourceTree = "<group>"; };
		1694F1902B98FC5900928103 /* MainRecognizerViewController+ObjectsRecognizing.swift */ = {isa = PBXFileReference; lastKnownFileType = sourcecode.swift; path = "MainRecognizerViewController+ObjectsRecognizing.swift"; sourceTree = "<group>"; };
		1694F1922B98FD0100928103 /* MainRecognizerViewController+DistanceMeasuring.swift */ = {isa = PBXFileReference; lastKnownFileType = sourcecode.swift; path = "MainRecognizerViewController+DistanceMeasuring.swift"; sourceTree = "<group>"; };
		1694F1952B98FD2F00928103 /* DistanceMeasuring.swift */ = {isa = PBXFileReference; lastKnownFileType = sourcecode.swift; path = DistanceMeasuring.swift; sourceTree = "<group>"; };
		1694F1972B98FD4700928103 /* MainRecognizerViewController+RoadLightsRecognizing.swift */ = {isa = PBXFileReference; lastKnownFileType = sourcecode.swift; path = "MainRecognizerViewController+RoadLightsRecognizing.swift"; sourceTree = "<group>"; };
		1694F19A2B98FD6700928103 /* MainRecognizerViewController+PedestrianCrossingRecognizing.swift */ = {isa = PBXFileReference; lastKnownFileType = sourcecode.swift; path = "MainRecognizerViewController+PedestrianCrossingRecognizing.swift"; sourceTree = "<group>"; };
		1694F19C2B98FD7400928103 /* PedestrianCrossingRecognizing.swift */ = {isa = PBXFileReference; lastKnownFileType = sourcecode.swift; path = PedestrianCrossingRecognizing.swift; sourceTree = "<group>"; };
		1694F19E2B9A1E8700928103 /* RoadLightType.swift */ = {isa = PBXFileReference; lastKnownFileType = sourcecode.swift; path = RoadLightType.swift; sourceTree = "<group>"; };
		16B4468D2B9FA21B002504F5 /* SearchViewModel.swift */ = {isa = PBXFileReference; lastKnownFileType = sourcecode.swift; path = SearchViewModel.swift; sourceTree = "<group>"; };
		16B446902B9FA22B002504F5 /* Message.swift */ = {isa = PBXFileReference; lastKnownFileType = sourcecode.swift; path = Message.swift; sourceTree = "<group>"; };
		16B446922B9FA2C1002504F5 /* Conversation.swift */ = {isa = PBXFileReference; lastKnownFileType = sourcecode.swift; path = Conversation.swift; sourceTree = "<group>"; };
		16B446962B9FAAFB002504F5 /* DateFormatter+Extension.swift */ = {isa = PBXFileReference; lastKnownFileType = sourcecode.swift; path = "DateFormatter+Extension.swift"; sourceTree = "<group>"; };
		16CF87742B74131900AD5ABC /* LightDetectorViewControllerRepresentable.swift */ = {isa = PBXFileReference; lastKnownFileType = sourcecode.swift; path = LightDetectorViewControllerRepresentable.swift; sourceTree = "<group>"; };
		16CF87762B74132000AD5ABC /* LightDetectorViewModel.swift */ = {isa = PBXFileReference; lastKnownFileType = sourcecode.swift; path = LightDetectorViewModel.swift; sourceTree = "<group>"; };
		16CF87782B74132E00AD5ABC /* LightDetectorView.swift */ = {isa = PBXFileReference; lastKnownFileType = sourcecode.swift; path = LightDetectorView.swift; sourceTree = "<group>"; };
		16E170072B6FDA4C00F984FB /* ObjectsRecognizerViewModel.swift */ = {isa = PBXFileReference; lastKnownFileType = sourcecode.swift; path = ObjectsRecognizerViewModel.swift; sourceTree = "<group>"; };
		16F5647E2B9655F500A831F2 /* PedestrianCrossingModel.swift */ = {isa = PBXFileReference; lastKnownFileType = sourcecode.swift; path = PedestrianCrossingModel.swift; sourceTree = "<group>"; };
		16F564802B965CE300A831F2 /* PedestrianCrossingPrediction.swift */ = {isa = PBXFileReference; lastKnownFileType = sourcecode.swift; path = PedestrianCrossingPrediction.swift; sourceTree = "<group>"; };
		16F564822B96623500A831F2 /* PedestrianCrossingLightType.swift */ = {isa = PBXFileReference; lastKnownFileType = sourcecode.swift; path = PedestrianCrossingLightType.swift; sourceTree = "<group>"; };
		16F564842B9662F300A831F2 /* PersonPositionActionType.swift */ = {isa = PBXFileReference; lastKnownFileType = sourcecode.swift; path = PersonPositionActionType.swift; sourceTree = "<group>"; };
		16F564862B96634000A831F2 /* DeviceOrientationActionType.swift */ = {isa = PBXFileReference; lastKnownFileType = sourcecode.swift; path = DeviceOrientationActionType.swift; sourceTree = "<group>"; };
		16F564B42B98ECF900A831F2 /* RoadLightsBoundingBox.swift */ = {isa = PBXFileReference; lastKnownFileType = sourcecode.swift; path = RoadLightsBoundingBox.swift; sourceTree = "<group>"; };
		16F564B62B98ED0000A831F2 /* RoadLightsModel.swift */ = {isa = PBXFileReference; lastKnownFileType = sourcecode.swift; path = RoadLightsModel.swift; sourceTree = "<group>"; };
		16F564B82B98ED0900A831F2 /* RoadLightsTypeManager.swift */ = {isa = PBXFileReference; lastKnownFileType = sourcecode.swift; path = RoadLightsTypeManager.swift; sourceTree = "<group>"; };
		16F564BA2B98ED1700A831F2 /* RoadLightsRecognizerViewModel.swift */ = {isa = PBXFileReference; lastKnownFileType = sourcecode.swift; path = RoadLightsRecognizerViewModel.swift; sourceTree = "<group>"; };
/* End PBXFileReference section */

/* Begin PBXFrameworksBuildPhase section */
		164E11102B45E167008EF153 /* Frameworks */ = {
			isa = PBXFrameworksBuildPhase;
			buildActionMask = 2147483647;
			files = (
				165795BD2B549DD6009142C1 /* OpenAI in Frameworks */,
				1633118D2B8D31E600896058 /* Swinject in Frameworks */,
			);
			runOnlyForDeploymentPostprocessing = 0;
		};
/* End PBXFrameworksBuildPhase section */

/* Begin PBXGroup section */
		162784802B9FC2AE00C5225F /* CustomNavigatioBar */ = {
			isa = PBXGroup;
			children = (
				162784812B9FC2C000C5225F /* CustomNavigationBar.swift */,
			);
			path = CustomNavigatioBar;
			sourceTree = "<group>";
		};
		162856C52B8AD05A00691759 /* FacialRecognizer */ = {
			isa = PBXGroup;
			children = (
				162856C62B8AD08000691759 /* ViewModel */,
				162856C72B8AD08600691759 /* ViewController */,
				162856C82B8AD08D00691759 /* View */,
			);
			path = FacialRecognizer;
			sourceTree = "<group>";
		};
		162856C62B8AD08000691759 /* ViewModel */ = {
			isa = PBXGroup;
			children = (
				162856C92B8AD0A500691759 /* FacialRecognizerViewModel.swift */,
			);
			path = ViewModel;
			sourceTree = "<group>";
		};
		162856C72B8AD08600691759 /* ViewController */ = {
			isa = PBXGroup;
			children = (
				162856CB2B8AD0B000691759 /* FacialRecognizerViewController.swift */,
				162856CD2B8AD0B600691759 /* FacialRecognizerViewControllerRepresentable.swift */,
			);
			path = ViewController;
			sourceTree = "<group>";
		};
		162856C82B8AD08D00691759 /* View */ = {
			isa = PBXGroup;
			children = (
				162856CF2B8AD0BF00691759 /* FacialRecognizerView.swift */,
			);
			path = View;
			sourceTree = "<group>";
		};
		162856D82B8D245E00691759 /* Assemblies */ = {
			isa = PBXGroup;
			children = (
				1633117A2B8D24B500896058 /* Modules */,
				1633117C2B8D24DD00896058 /* Assembler.swift */,
			);
			path = Assemblies;
			sourceTree = "<group>";
		};
		162856D92B8D246300691759 /* Modules */ = {
			isa = PBXGroup;
			children = (
				164E112B2B46182B008EF153 /* SplashScreen */,
				164E11452B4720F6008EF153 /* Camera */,
				164E11462B4720FB008EF153 /* Search */,
				164E11472B47210A008EF153 /* Settings */,
				164E11182B45E167008EF153 /* ContentView.swift */,
			);
			path = Modules;
			sourceTree = "<group>";
		};
		162DCA4C2BA0DD7F005CB24A /* SpeechRecognizer */ = {
			isa = PBXGroup;
			children = (
				162DCA4D2BA0DD8D005CB24A /* SpeechRecognizer.swift */,
			);
			path = SpeechRecognizer;
			sourceTree = "<group>";
		};
		1633117A2B8D24B500896058 /* Modules */ = {
			isa = PBXGroup;
			children = (
				163311B62B935F1A00896058 /* Utils */,
				1633117B2B8D24BE00896058 /* Camera */,
			);
			path = Modules;
			sourceTree = "<group>";
		};
		1633117B2B8D24BE00896058 /* Camera */ = {
			isa = PBXGroup;
			children = (
				1633117E2B8D255000896058 /* CameraAssembly.swift */,
			);
			path = Camera;
			sourceTree = "<group>";
		};
		163311882B8D31DE00896058 /* Frameworks */ = {
			isa = PBXGroup;
			children = (
			);
			name = Frameworks;
			sourceTree = "<group>";
		};
		163311B32B935E8700896058 /* FeedbackManager */ = {
			isa = PBXGroup;
			children = (
				163311B42B935EAB00896058 /* FeedbackManager.swift */,
				163311BC2B936FF500896058 /* FeedbackType.swift */,
			);
			path = FeedbackManager;
			sourceTree = "<group>";
		};
		163311B62B935F1A00896058 /* Utils */ = {
			isa = PBXGroup;
			children = (
				163311B72B935F2400896058 /* UtilsAssembly.swift */,
			);
			path = Utils;
			sourceTree = "<group>";
		};
		163311C02B939B3600896058 /* Model */ = {
			isa = PBXGroup;
			children = (
				163311C52B939CC800896058 /* ObjectModel.swift */,
				163311C32B939C9100896058 /* ObjectBoundingBox.swift */,
			);
			path = Model;
			sourceTree = "<group>";
		};
		163311C92B939E6F00896058 /* Functions */ = {
			isa = PBXGroup;
			children = (
				163311CA2B939E8C00896058 /* IOU.swift */,
				163311CC2B939EB800896058 /* Sigmoid.swift */,
				163311CE2B939EF200896058 /* Softmax.swift */,
				163311D52B93A86E00896058 /* NonMaxSuppression.swift */,
				165117322B94A4E700779E89 /* ExifOrientation.swift */,
			);
			path = Functions;
			sourceTree = "<group>";
		};
		163311D22B939F9000896058 /* Protocols */ = {
			isa = PBXGroup;
			children = (
				163311D32B939F9C00896058 /* Prediction.swift */,
			);
			path = Protocols;
			sourceTree = "<group>";
		};
		16364AA82B51B686005BECC5 /* MLModels */ = {
			isa = PBXGroup;
			children = (
				163311902B8D3C5600896058 /* AgeNet.mlmodel */,
				163311A02B90AD4600896058 /* AmpelPilot_2812rg.mlmodel */,
				1633118E2B8D3C5300896058 /* CNNEmotions.mlmodel */,
				1633118F2B8D3C5500896058 /* GenderNet.mlmodel */,
				165117242B94A0DD00779E89 /* LytNetV1.mlmodel */,
				163311D92B93BC6B00896058 /* YOLOV3.mlmodel */,
			);
			path = MLModels;
			sourceTree = "<group>";
		};
		164668EA2B66CCE50049AB03 /* DistanceMeasurer */ = {
			isa = PBXGroup;
			children = (
				1694F1922B98FD0100928103 /* MainRecognizerViewController+DistanceMeasuring.swift */,
				1694F1942B98FD0C00928103 /* Protocol */,
				164668F02B66D35A0049AB03 /* ViewModel */,
			);
			path = DistanceMeasurer;
			sourceTree = "<group>";
		};
		164668F02B66D35A0049AB03 /* ViewModel */ = {
			isa = PBXGroup;
			children = (
				164668F42B66D37E0049AB03 /* DistanceMeasurerViewModel.swift */,
			);
			path = ViewModel;
			sourceTree = "<group>";
		};
		164668F62B66D3A20049AB03 /* ObjectsRecognizer */ = {
			isa = PBXGroup;
			children = (
				1694F1902B98FC5900928103 /* MainRecognizerViewController+ObjectsRecognizing.swift */,
				1694F1892B98F36B00928103 /* Protocol */,
				163311C02B939B3600896058 /* Model */,
				16E170062B6FDA4000F984FB /* ViewModel */,
			);
			path = ObjectsRecognizer;
			sourceTree = "<group>";
		};
		164669012B6855FA0049AB03 /* DocumentScanner */ = {
			isa = PBXGroup;
			children = (
				164669052B68565D0049AB03 /* View */,
			);
			path = DocumentScanner;
			sourceTree = "<group>";
		};
		164669022B6856040049AB03 /* ColorDetector */ = {
			isa = PBXGroup;
			children = (
				1670C61F2B6FC5C7005CF24B /* ViewModel */,
				1670C60D2B6EEA11005CF24B /* ViewController */,
				1646690D2B6991C80049AB03 /* View */,
			);
			path = ColorDetector;
			sourceTree = "<group>";
		};
		164669032B6856320049AB03 /* LightDetector */ = {
			isa = PBXGroup;
			children = (
				1670C6132B6FAA7C005CF24B /* ViewModel */,
				1670C6122B6FAA76005CF24B /* ViewController */,
				1670C6142B6FAA83005CF24B /* View */,
			);
			path = LightDetector;
			sourceTree = "<group>";
		};
		164669052B68565D0049AB03 /* View */ = {
			isa = PBXGroup;
			children = (
				164669082B685CE20049AB03 /* Subviews */,
				164669062B6856710049AB03 /* DocumentScannerView.swift */,
			);
			path = View;
			sourceTree = "<group>";
		};
		164669082B685CE20049AB03 /* Subviews */ = {
			isa = PBXGroup;
			children = (
				164669092B685CF50049AB03 /* RoundedRectLabel.swift */,
			);
			path = Subviews;
			sourceTree = "<group>";
		};
		1646690D2B6991C80049AB03 /* View */ = {
			isa = PBXGroup;
			children = (
				1670C60B2B6ED795005CF24B /* ColorDetectorView.swift */,
			);
			path = View;
			sourceTree = "<group>";
		};
		164E110A2B45E167008EF153 = {
			isa = PBXGroup;
			children = (
				164E11152B45E167008EF153 /* ReEnabled */,
				164E11142B45E167008EF153 /* Products */,
				163311882B8D31DE00896058 /* Frameworks */,
			);
			sourceTree = "<group>";
		};
		164E11142B45E167008EF153 /* Products */ = {
			isa = PBXGroup;
			children = (
				164E11132B45E167008EF153 /* ReEnabled.app */,
			);
			name = Products;
			sourceTree = "<group>";
		};
		164E11152B45E167008EF153 /* ReEnabled */ = {
			isa = PBXGroup;
			children = (
				162DCA4C2BA0DD7F005CB24A /* SpeechRecognizer */,
				1670C6182B6FB8C0005CF24B /* CaptureSessionManager */,
				163311B32B935E8700896058 /* FeedbackManager */,
				162856D92B8D246300691759 /* Modules */,
				162856D82B8D245E00691759 /* Assemblies */,
				164E11262B461711008EF153 /* Resources */,
				164E111C2B45E169008EF153 /* Preview Content */,
				164E11162B45E167008EF153 /* ReEnabledApp.swift */,
				164E111A2B45E169008EF153 /* Assets.xcassets */,
			);
			path = ReEnabled;
			sourceTree = "<group>";
		};
		164E111C2B45E169008EF153 /* Preview Content */ = {
			isa = PBXGroup;
			children = (
				164E111D2B45E169008EF153 /* Preview Assets.xcassets */,
			);
			path = "Preview Content";
			sourceTree = "<group>";
		};
		164E11262B461711008EF153 /* Resources */ = {
			isa = PBXGroup;
			children = (
				16364AA82B51B686005BECC5 /* MLModels */,
				164E11272B461717008EF153 /* Utils */,
			);
			path = Resources;
			sourceTree = "<group>";
		};
		164E11272B461717008EF153 /* Utils */ = {
			isa = PBXGroup;
			children = (
				163311D22B939F9000896058 /* Protocols */,
				164E11282B46171F008EF153 /* Enums */,
				164E112E2B461B9A008EF153 /* Extensions */,
				163311C92B939E6F00896058 /* Functions */,
				164E11312B471782008EF153 /* HelperViews */,
				164E113B2B471C77008EF153 /* Modifiers */,
				164E11402B471D00008EF153 /* Structures */,
			);
			path = Utils;
			sourceTree = "<group>";
		};
		164E11282B46171F008EF153 /* Enums */ = {
			isa = PBXGroup;
			children = (
				164E11292B46172F008EF153 /* Views.swift */,
				164668FD2B66DE010049AB03 /* CameraMode.swift */,
				1682D31E2B8548F10028CE73 /* MLModel.swift */,
			);
			path = Enums;
			sourceTree = "<group>";
		};
		164E112B2B46182B008EF153 /* SplashScreen */ = {
			isa = PBXGroup;
			children = (
				164E11242B4615DF008EF153 /* SplashScreenView.swift */,
				164E112C2B46183A008EF153 /* SplashScreenViewModel.swift */,
			);
			path = SplashScreen;
			sourceTree = "<group>";
		};
		164E112E2B461B9A008EF153 /* Extensions */ = {
			isa = PBXGroup;
			children = (
				1670C6102B6EF853005CF24B /* CALayer+PickColor.swift */,
				163311802B8D258F00896058 /* CaptureSessionManager+GetLuminosityValueFromCamera.swift */,
				163311AD2B935D6700896058 /* Array+ArgMax.swift */,
				163311BE2B9371EB00896058 /* CMSampleBuffer+ConvertToPixelBuffer.swift */,
				16B446962B9FAAFB002504F5 /* DateFormatter+Extension.swift */,
			);
			path = Extensions;
			sourceTree = "<group>";
		};
		164E11312B471782008EF153 /* HelperViews */ = {
			isa = PBXGroup;
			children = (
				162784802B9FC2AE00C5225F /* CustomNavigatioBar */,
				1670C6082B6ED764005CF24B /* DetectorFrame */,
				164E11322B4717A9008EF153 /* CustomTabBar */,
			);
			path = HelperViews;
			sourceTree = "<group>";
		};
		164E11322B4717A9008EF153 /* CustomTabBar */ = {
			isa = PBXGroup;
			children = (
				164E11352B47180C008EF153 /* CustomTabBarContainerView.swift */,
				164E11342B47180C008EF153 /* CustomTabBarView.swift */,
				164E11332B47180C008EF153 /* TabBarItem.swift */,
				164E11362B47180C008EF153 /* TabBarItemsPreferenceKey.swift */,
			);
			path = CustomTabBar;
			sourceTree = "<group>";
		};
		164E113B2B471C77008EF153 /* Modifiers */ = {
			isa = PBXGroup;
			children = (
				164E11432B471ECB008EF153 /* ConditionalView.swift */,
				164E113C2B471C94008EF153 /* MeasureViewSize.swift */,
				164668FF2B6844E50049AB03 /* OnSwipe.swift */,
			);
			path = Modifiers;
			sourceTree = "<group>";
		};
		164E11402B471D00008EF153 /* Structures */ = {
			isa = PBXGroup;
			children = (
				164E11412B471D1A008EF153 /* TabBarStateManager.swift */,
				162856D62B8D242500691759 /* Inject.swift */,
			);
			path = Structures;
			sourceTree = "<group>";
		};
		164E11452B4720F6008EF153 /* Camera */ = {
			isa = PBXGroup;
			children = (
				1670C6172B6FB8A7005CF24B /* Sections */,
				164E11482B472115008EF153 /* HomeView.swift */,
				164668FB2B66DDAE0049AB03 /* HomeViewModel.swift */,
			);
			path = Camera;
			sourceTree = "<group>";
		};
		164E11462B4720FB008EF153 /* Search */ = {
			isa = PBXGroup;
			children = (
				16B4468F2B9FA220002504F5 /* Model */,
				164E114A2B47211D008EF153 /* SearchView.swift */,
				16B4468D2B9FA21B002504F5 /* SearchViewModel.swift */,
			);
			path = Search;
			sourceTree = "<group>";
		};
		164E11472B47210A008EF153 /* Settings */ = {
			isa = PBXGroup;
			children = (
				164E114C2B472122008EF153 /* HelpView.swift */,
			);
			path = Settings;
			sourceTree = "<group>";
		};
		165117262B94A0FB00779E89 /* PedestrianCrossingRecognizer */ = {
			isa = PBXGroup;
			children = (
				1694F19A2B98FD6700928103 /* MainRecognizerViewController+PedestrianCrossingRecognizing.swift */,
				1694F1992B98FD5300928103 /* Protocol */,
				16F5647D2B9655E200A831F2 /* Model */,
				165117292B94A13500779E89 /* ViewModel */,
			);
			path = PedestrianCrossingRecognizer;
			sourceTree = "<group>";
		};
		165117292B94A13500779E89 /* ViewModel */ = {
			isa = PBXGroup;
			children = (
				1651172A2B94A1D000779E89 /* PedestrianCrossingRecognizerViewModel.swift */,
			);
			path = ViewModel;
			sourceTree = "<group>";
		};
		1670C6082B6ED764005CF24B /* DetectorFrame */ = {
			isa = PBXGroup;
			children = (
				1670C6092B6ED76E005CF24B /* DetectorFrame.swift */,
			);
			path = DetectorFrame;
			sourceTree = "<group>";
		};
		1670C60D2B6EEA11005CF24B /* ViewController */ = {
			isa = PBXGroup;
			children = (
				1646690E2B6991E00049AB03 /* ColorDetectorViewController.swift */,
				1670C60E2B6EEA19005CF24B /* ColorDetectorViewControllerRepresentable.swift */,
			);
			path = ViewController;
			sourceTree = "<group>";
		};
		1670C6122B6FAA76005CF24B /* ViewController */ = {
			isa = PBXGroup;
			children = (
				1670C6152B6FAA9B005CF24B /* LightDetectorViewController.swift */,
				16CF87742B74131900AD5ABC /* LightDetectorViewControllerRepresentable.swift */,
			);
			path = ViewController;
			sourceTree = "<group>";
		};
		1670C6132B6FAA7C005CF24B /* ViewModel */ = {
			isa = PBXGroup;
			children = (
				16CF87762B74132000AD5ABC /* LightDetectorViewModel.swift */,
			);
			path = ViewModel;
			sourceTree = "<group>";
		};
		1670C6142B6FAA83005CF24B /* View */ = {
			isa = PBXGroup;
			children = (
				16CF87782B74132E00AD5ABC /* LightDetectorView.swift */,
			);
			path = View;
			sourceTree = "<group>";
		};
		1670C6172B6FB8A7005CF24B /* Sections */ = {
			isa = PBXGroup;
			children = (
				16F564AF2B98EC8F00A831F2 /* MainRecognizer */,
				164669012B6855FA0049AB03 /* DocumentScanner */,
				164669022B6856040049AB03 /* ColorDetector */,
				164669032B6856320049AB03 /* LightDetector */,
				1682D3122B8543B70028CE73 /* CurrencyDetector */,
				162856C52B8AD05A00691759 /* FacialRecognizer */,
			);
			path = Sections;
			sourceTree = "<group>";
		};
		1670C6182B6FB8C0005CF24B /* CaptureSessionManager */ = {
			isa = PBXGroup;
			children = (
				1670C6192B6FB8F0005CF24B /* CaptureSessionManager.swift */,
				163311862B8D2A9500896058 /* FlashlightManager.swift */,
				165117342B94F41D00779E89 /* SessionPreset.swift */,
			);
			path = CaptureSessionManager;
			sourceTree = "<group>";
		};
		1670C61F2B6FC5C7005CF24B /* ViewModel */ = {
			isa = PBXGroup;
			children = (
				1670C6202B6FC5DD005CF24B /* ColorDetectorViewModel.swift */,
			);
			path = ViewModel;
			sourceTree = "<group>";
		};
		1682D3122B8543B70028CE73 /* CurrencyDetector */ = {
			isa = PBXGroup;
			children = (
				1682D3132B8543C80028CE73 /* ViewModel */,
				1682D3142B8543D20028CE73 /* ViewController */,
				1682D3152B8543D90028CE73 /* View */,
			);
			path = CurrencyDetector;
			sourceTree = "<group>";
		};
		1682D3132B8543C80028CE73 /* ViewModel */ = {
			isa = PBXGroup;
			children = (
				1682D3162B8544570028CE73 /* CurrencyDetectorViewModel.swift */,
			);
			path = ViewModel;
			sourceTree = "<group>";
		};
		1682D3142B8543D20028CE73 /* ViewController */ = {
			isa = PBXGroup;
			children = (
				1682D3182B8544660028CE73 /* CurrencyDetectorViewController.swift */,
				1682D31A2B8544700028CE73 /* CurrencyDetectorViewControllerRepresentable.swift */,
			);
			path = ViewController;
			sourceTree = "<group>";
		};
		1682D3152B8543D90028CE73 /* View */ = {
			isa = PBXGroup;
			children = (
				1682D31C2B85448E0028CE73 /* CurrencyDetectorView.swift */,
			);
			path = View;
			sourceTree = "<group>";
		};
		1694F1802B98EF4C00928103 /* Submodules */ = {
			isa = PBXGroup;
			children = (
				164668F62B66D3A20049AB03 /* ObjectsRecognizer */,
				164668EA2B66CCE50049AB03 /* DistanceMeasurer */,
				16F564AE2B98EC8500A831F2 /* RoadLightsRecognizer */,
				165117262B94A0FB00779E89 /* PedestrianCrossingRecognizer */,
			);
			path = Submodules;
			sourceTree = "<group>";
		};
		1694F1812B98EF5600928103 /* View */ = {
			isa = PBXGroup;
			children = (
				1694F1872B98EF9400928103 /* MainRecognizerView.swift */,
			);
			path = View;
			sourceTree = "<group>";
		};
		1694F1822B98EF5B00928103 /* ViewController */ = {
			isa = PBXGroup;
			children = (
				1694F1832B98EF7800928103 /* MainRecognizerViewController.swift */,
				1694F1852B98EF8B00928103 /* MainRecognizerViewControllerRepresentable.swift */,
			);
			path = ViewController;
			sourceTree = "<group>";
		};
		1694F1892B98F36B00928103 /* Protocol */ = {
			isa = PBXGroup;
			children = (
				1694F18A2B98F37A00928103 /* ObjectsRecognizing.swift */,
			);
			path = Protocol;
			sourceTree = "<group>";
		};
		1694F18C2B98FBD600928103 /* Protocol */ = {
			isa = PBXGroup;
			children = (
				1694F18D2B98FBE300928103 /* RoadLightsRecognizing.swift */,
			);
			path = Protocol;
			sourceTree = "<group>";
		};
		1694F1942B98FD0C00928103 /* Protocol */ = {
			isa = PBXGroup;
			children = (
				1694F1952B98FD2F00928103 /* DistanceMeasuring.swift */,
			);
			path = Protocol;
			sourceTree = "<group>";
		};
		1694F1992B98FD5300928103 /* Protocol */ = {
			isa = PBXGroup;
			children = (
				1694F19C2B98FD7400928103 /* PedestrianCrossingRecognizing.swift */,
			);
			path = Protocol;
			sourceTree = "<group>";
		};
		16B4468F2B9FA220002504F5 /* Model */ = {
			isa = PBXGroup;
			children = (
				16B446902B9FA22B002504F5 /* Message.swift */,
				16B446922B9FA2C1002504F5 /* Conversation.swift */,
			);
			path = Model;
			sourceTree = "<group>";
		};
		16E170062B6FDA4000F984FB /* ViewModel */ = {
			isa = PBXGroup;
			children = (
				16E170072B6FDA4C00F984FB /* ObjectsRecognizerViewModel.swift */,
			);
			path = ViewModel;
			sourceTree = "<group>";
		};
		16F5647D2B9655E200A831F2 /* Model */ = {
			isa = PBXGroup;
			children = (
				16F5647E2B9655F500A831F2 /* PedestrianCrossingModel.swift */,
				16F564802B965CE300A831F2 /* PedestrianCrossingPrediction.swift */,
				16F564822B96623500A831F2 /* PedestrianCrossingLightType.swift */,
				16F564842B9662F300A831F2 /* PersonPositionActionType.swift */,
				16F564862B96634000A831F2 /* DeviceOrientationActionType.swift */,
			);
			path = Model;
			sourceTree = "<group>";
		};
		16F564AE2B98EC8500A831F2 /* RoadLightsRecognizer */ = {
			isa = PBXGroup;
			children = (
				1694F1972B98FD4700928103 /* MainRecognizerViewController+RoadLightsRecognizing.swift */,
				1694F18C2B98FBD600928103 /* Protocol */,
				16F564B32B98ECE800A831F2 /* Model */,
				16F564B22B98ECE300A831F2 /* ViewModel */,
			);
			path = RoadLightsRecognizer;
			sourceTree = "<group>";
		};
		16F564AF2B98EC8F00A831F2 /* MainRecognizer */ = {
			isa = PBXGroup;
			children = (
				1694F1822B98EF5B00928103 /* ViewController */,
				1694F1812B98EF5600928103 /* View */,
				1694F1802B98EF4C00928103 /* Submodules */,
			);
			path = MainRecognizer;
			sourceTree = "<group>";
		};
		16F564B22B98ECE300A831F2 /* ViewModel */ = {
			isa = PBXGroup;
			children = (
				16F564BA2B98ED1700A831F2 /* RoadLightsRecognizerViewModel.swift */,
			);
			path = ViewModel;
			sourceTree = "<group>";
		};
		16F564B32B98ECE800A831F2 /* Model */ = {
			isa = PBXGroup;
			children = (
				16F564B42B98ECF900A831F2 /* RoadLightsBoundingBox.swift */,
				16F564B62B98ED0000A831F2 /* RoadLightsModel.swift */,
				16F564B82B98ED0900A831F2 /* RoadLightsTypeManager.swift */,
				1694F19E2B9A1E8700928103 /* RoadLightType.swift */,
			);
			path = Model;
			sourceTree = "<group>";
		};
/* End PBXGroup section */

/* Begin PBXNativeTarget section */
		164E11122B45E167008EF153 /* ReEnabled */ = {
			isa = PBXNativeTarget;
			buildConfigurationList = 164E11212B45E169008EF153 /* Build configuration list for PBXNativeTarget "ReEnabled" */;
			buildPhases = (
				164E110F2B45E167008EF153 /* Sources */,
				164E11102B45E167008EF153 /* Frameworks */,
				164E11112B45E167008EF153 /* Resources */,
				163311852B8D280900896058 /* Embed Frameworks */,
			);
			buildRules = (
			);
			dependencies = (
			);
			name = ReEnabled;
			packageProductDependencies = (
				165795BC2B549DD6009142C1 /* OpenAI */,
				1633118C2B8D31E600896058 /* Swinject */,
			);
			productName = ReEnabled;
			productReference = 164E11132B45E167008EF153 /* ReEnabled.app */;
			productType = "com.apple.product-type.application";
		};
/* End PBXNativeTarget section */

/* Begin PBXProject section */
		164E110B2B45E167008EF153 /* Project object */ = {
			isa = PBXProject;
			attributes = {
				BuildIndependentTargetsInParallel = 1;
				LastSwiftUpdateCheck = 1510;
				LastUpgradeCheck = 1510;
				TargetAttributes = {
					164E11122B45E167008EF153 = {
						CreatedOnToolsVersion = 15.1;
					};
				};
			};
			buildConfigurationList = 164E110E2B45E167008EF153 /* Build configuration list for PBXProject "ReEnabled" */;
			compatibilityVersion = "Xcode 14.0";
			developmentRegion = en;
			hasScannedForEncodings = 0;
			knownRegions = (
				en,
				Base,
			);
			mainGroup = 164E110A2B45E167008EF153;
			packageReferences = (
				165795BB2B549DD6009142C1 /* XCRemoteSwiftPackageReference "OpenAI" */,
				162856D12B8D23B700691759 /* XCRemoteSwiftPackageReference "Swinject" */,
			);
			productRefGroup = 164E11142B45E167008EF153 /* Products */;
			projectDirPath = "";
			projectRoot = "";
			targets = (
				164E11122B45E167008EF153 /* ReEnabled */,
			);
		};
/* End PBXProject section */

/* Begin PBXResourcesBuildPhase section */
		164E11112B45E167008EF153 /* Resources */ = {
			isa = PBXResourcesBuildPhase;
			buildActionMask = 2147483647;
			files = (
				164E111E2B45E169008EF153 /* Preview Assets.xcassets in Resources */,
				164E111B2B45E169008EF153 /* Assets.xcassets in Resources */,
			);
			runOnlyForDeploymentPostprocessing = 0;
		};
/* End PBXResourcesBuildPhase section */

/* Begin PBXSourcesBuildPhase section */
		164E110F2B45E167008EF153 /* Sources */ = {
			isa = PBXSourcesBuildPhase;
			buildActionMask = 2147483647;
			files = (
				1633117F2B8D255000896058 /* CameraAssembly.swift in Sources */,
				163311C62B939CC800896058 /* ObjectModel.swift in Sources */,
				16F564BB2B98ED1700A831F2 /* RoadLightsRecognizerViewModel.swift in Sources */,
				163311CF2B939EF200896058 /* Softmax.swift in Sources */,
				163311B52B935EAB00896058 /* FeedbackManager.swift in Sources */,
				165117252B94A0DD00779E89 /* LytNetV1.mlmodel in Sources */,
				16B4468E2B9FA21B002504F5 /* SearchViewModel.swift in Sources */,
				1646690A2B685CF50049AB03 /* RoundedRectLabel.swift in Sources */,
				163311BD2B936FF500896058 /* FeedbackType.swift in Sources */,
				1694F1862B98EF8B00928103 /* MainRecognizerViewControllerRepresentable.swift in Sources */,
				1694F1982B98FD4700928103 /* MainRecognizerViewController+RoadLightsRecognizing.swift in Sources */,
				1694F1912B98FC5900928103 /* MainRecognizerViewController+ObjectsRecognizing.swift in Sources */,
				1682D31F2B8548F10028CE73 /* MLModel.swift in Sources */,
				1694F1842B98EF7800928103 /* MainRecognizerViewController.swift in Sources */,
				164E11382B47180C008EF153 /* CustomTabBarView.swift in Sources */,
				1670C60A2B6ED76E005CF24B /* DetectorFrame.swift in Sources */,
				164668F52B66D37E0049AB03 /* DistanceMeasurerViewModel.swift in Sources */,
				164E11372B47180C008EF153 /* TabBarItem.swift in Sources */,
				163311BF2B9371EB00896058 /* CMSampleBuffer+ConvertToPixelBuffer.swift in Sources */,
				163311922B8D3C5600896058 /* GenderNet.mlmodel in Sources */,
				1670C60F2B6EEA19005CF24B /* ColorDetectorViewControllerRepresentable.swift in Sources */,
				164E11492B472115008EF153 /* HomeView.swift in Sources */,
				162784822B9FC2C000C5225F /* CustomNavigationBar.swift in Sources */,
				1670C6162B6FAA9B005CF24B /* LightDetectorViewController.swift in Sources */,
				163311872B8D2A9500896058 /* FlashlightManager.swift in Sources */,
				162856D72B8D242500691759 /* Inject.swift in Sources */,
				1694F19F2B9A1E8700928103 /* RoadLightType.swift in Sources */,
				1670C60C2B6ED795005CF24B /* ColorDetectorView.swift in Sources */,
				162856D02B8AD0BF00691759 /* FacialRecognizerView.swift in Sources */,
				1694F19B2B98FD6700928103 /* MainRecognizerViewController+PedestrianCrossingRecognizing.swift in Sources */,
				1694F18B2B98F37A00928103 /* ObjectsRecognizing.swift in Sources */,
				1646690F2B6991E00049AB03 /* ColorDetectorViewController.swift in Sources */,
				163311A12B90AD4600896058 /* AmpelPilot_2812rg.mlmodel in Sources */,
				164E112A2B46172F008EF153 /* Views.swift in Sources */,
				164668FE2B66DE010049AB03 /* CameraMode.swift in Sources */,
				163311D42B939F9C00896058 /* Prediction.swift in Sources */,
				164E11192B45E167008EF153 /* ContentView.swift in Sources */,
				163311DA2B93BC6B00896058 /* YOLOV3.mlmodel in Sources */,
				1694F19D2B98FD7400928103 /* PedestrianCrossingRecognizing.swift in Sources */,
				16CF87752B74131900AD5ABC /* LightDetectorViewControllerRepresentable.swift in Sources */,
				164E113D2B471C94008EF153 /* MeasureViewSize.swift in Sources */,
				163311AE2B935D6700896058 /* Array+ArgMax.swift in Sources */,
				1670C6112B6EF853005CF24B /* CALayer+PickColor.swift in Sources */,
				162856CA2B8AD0A500691759 /* FacialRecognizerViewModel.swift in Sources */,
				16F564B92B98ED0900A831F2 /* RoadLightsTypeManager.swift in Sources */,
				163311932B8D3C5600896058 /* AgeNet.mlmodel in Sources */,
				1682D3172B8544570028CE73 /* CurrencyDetectorViewModel.swift in Sources */,
				162856CC2B8AD0B000691759 /* FacialRecognizerViewController.swift in Sources */,
				163311812B8D258F00896058 /* CaptureSessionManager+GetLuminosityValueFromCamera.swift in Sources */,
				16B446932B9FA2C1002504F5 /* Conversation.swift in Sources */,
				16B446912B9FA22B002504F5 /* Message.swift in Sources */,
				16F564852B9662F300A831F2 /* PersonPositionActionType.swift in Sources */,
				16CF87772B74132000AD5ABC /* LightDetectorViewModel.swift in Sources */,
				164E11252B4615DF008EF153 /* SplashScreenView.swift in Sources */,
				164669002B6844E50049AB03 /* OnSwipe.swift in Sources */,
				164E11172B45E167008EF153 /* ReEnabledApp.swift in Sources */,
				1682D31B2B8544700028CE73 /* CurrencyDetectorViewControllerRepresentable.swift in Sources */,
				1651172B2B94A1D000779E89 /* PedestrianCrossingRecognizerViewModel.swift in Sources */,
				16CF87792B74132E00AD5ABC /* LightDetectorView.swift in Sources */,
				1670C6212B6FC5DD005CF24B /* ColorDetectorViewModel.swift in Sources */,
				1682D31D2B85448E0028CE73 /* CurrencyDetectorView.swift in Sources */,
				163311C42B939C9100896058 /* ObjectBoundingBox.swift in Sources */,
				1694F1932B98FD0100928103 /* MainRecognizerViewController+DistanceMeasuring.swift in Sources */,
				164669072B6856710049AB03 /* DocumentScannerView.swift in Sources */,
				1694F18E2B98FBE300928103 /* RoadLightsRecognizing.swift in Sources */,
				1694F1882B98EF9400928103 /* MainRecognizerView.swift in Sources */,
				164E11422B471D1A008EF153 /* TabBarStateManager.swift in Sources */,
				163311912B8D3C5600896058 /* CNNEmotions.mlmodel in Sources */,
				1694F1962B98FD2F00928103 /* DistanceMeasuring.swift in Sources */,
				16E170082B6FDA4C00F984FB /* ObjectsRecognizerViewModel.swift in Sources */,
				163311D62B93A86E00896058 /* NonMaxSuppression.swift in Sources */,
				163311CB2B939E8C00896058 /* IOU.swift in Sources */,
				164E113A2B47180C008EF153 /* TabBarItemsPreferenceKey.swift in Sources */,
				165117332B94A4E700779E89 /* ExifOrientation.swift in Sources */,
				1682D3192B8544660028CE73 /* CurrencyDetectorViewController.swift in Sources */,
				164E114B2B47211D008EF153 /* SearchView.swift in Sources */,
				16F564B52B98ECF900A831F2 /* RoadLightsBoundingBox.swift in Sources */,
				164E112D2B46183A008EF153 /* SplashScreenViewModel.swift in Sources */,
				16F5647F2B9655F500A831F2 /* PedestrianCrossingModel.swift in Sources */,
				1633117D2B8D24DD00896058 /* Assembler.swift in Sources */,
				164E11392B47180C008EF153 /* CustomTabBarContainerView.swift in Sources */,
				16F564872B96634000A831F2 /* DeviceOrientationActionType.swift in Sources */,
				163311CD2B939EB800896058 /* Sigmoid.swift in Sources */,
				162856CE2B8AD0B600691759 /* FacialRecognizerViewControllerRepresentable.swift in Sources */,
				163311B82B935F2400896058 /* UtilsAssembly.swift in Sources */,
				162DCA4E2BA0DD8D005CB24A /* SpeechRecognizer.swift in Sources */,
				1670C61A2B6FB8F0005CF24B /* CaptureSessionManager.swift in Sources */,
				165117352B94F41D00779E89 /* SessionPreset.swift in Sources */,
				164E114D2B472122008EF153 /* HelpView.swift in Sources */,
				164668FC2B66DDAE0049AB03 /* HomeViewModel.swift in Sources */,
				16F564812B965CE300A831F2 /* PedestrianCrossingPrediction.swift in Sources */,
				16B446972B9FAAFB002504F5 /* DateFormatter+Extension.swift in Sources */,
				164E11442B471ECB008EF153 /* ConditionalView.swift in Sources */,
				16F564832B96623500A831F2 /* PedestrianCrossingLightType.swift in Sources */,
				16F564B72B98ED0000A831F2 /* RoadLightsModel.swift in Sources */,
			);
			runOnlyForDeploymentPostprocessing = 0;
		};
/* End PBXSourcesBuildPhase section */

/* Begin XCBuildConfiguration section */
		164E111F2B45E169008EF153 /* Debug */ = {
			isa = XCBuildConfiguration;
			buildSettings = {
				ALWAYS_SEARCH_USER_PATHS = NO;
				ASSETCATALOG_COMPILER_GENERATE_SWIFT_ASSET_SYMBOL_EXTENSIONS = YES;
				CLANG_ANALYZER_NONNULL = YES;
				CLANG_ANALYZER_NUMBER_OBJECT_CONVERSION = YES_AGGRESSIVE;
				CLANG_CXX_LANGUAGE_STANDARD = "gnu++20";
				CLANG_ENABLE_MODULES = YES;
				CLANG_ENABLE_OBJC_ARC = YES;
				CLANG_ENABLE_OBJC_WEAK = YES;
				CLANG_WARN_BLOCK_CAPTURE_AUTORELEASING = YES;
				CLANG_WARN_BOOL_CONVERSION = YES;
				CLANG_WARN_COMMA = YES;
				CLANG_WARN_CONSTANT_CONVERSION = YES;
				CLANG_WARN_DEPRECATED_OBJC_IMPLEMENTATIONS = YES;
				CLANG_WARN_DIRECT_OBJC_ISA_USAGE = YES_ERROR;
				CLANG_WARN_DOCUMENTATION_COMMENTS = YES;
				CLANG_WARN_EMPTY_BODY = YES;
				CLANG_WARN_ENUM_CONVERSION = YES;
				CLANG_WARN_INFINITE_RECURSION = YES;
				CLANG_WARN_INT_CONVERSION = YES;
				CLANG_WARN_NON_LITERAL_NULL_CONVERSION = YES;
				CLANG_WARN_OBJC_IMPLICIT_RETAIN_SELF = YES;
				CLANG_WARN_OBJC_LITERAL_CONVERSION = YES;
				CLANG_WARN_OBJC_ROOT_CLASS = YES_ERROR;
				CLANG_WARN_QUOTED_INCLUDE_IN_FRAMEWORK_HEADER = YES;
				CLANG_WARN_RANGE_LOOP_ANALYSIS = YES;
				CLANG_WARN_STRICT_PROTOTYPES = YES;
				CLANG_WARN_SUSPICIOUS_MOVE = YES;
				CLANG_WARN_UNGUARDED_AVAILABILITY = YES_AGGRESSIVE;
				CLANG_WARN_UNREACHABLE_CODE = YES;
				CLANG_WARN__DUPLICATE_METHOD_MATCH = YES;
				COPY_PHASE_STRIP = NO;
				DEBUG_INFORMATION_FORMAT = dwarf;
				ENABLE_STRICT_OBJC_MSGSEND = YES;
				ENABLE_TESTABILITY = YES;
				ENABLE_USER_SCRIPT_SANDBOXING = YES;
				GCC_C_LANGUAGE_STANDARD = gnu17;
				GCC_DYNAMIC_NO_PIC = NO;
				GCC_NO_COMMON_BLOCKS = YES;
				GCC_OPTIMIZATION_LEVEL = 0;
				GCC_PREPROCESSOR_DEFINITIONS = (
					"DEBUG=1",
					"$(inherited)",
				);
				GCC_WARN_64_TO_32_BIT_CONVERSION = YES;
				GCC_WARN_ABOUT_RETURN_TYPE = YES_ERROR;
				GCC_WARN_UNDECLARED_SELECTOR = YES;
				GCC_WARN_UNINITIALIZED_AUTOS = YES_AGGRESSIVE;
				GCC_WARN_UNUSED_FUNCTION = YES;
				GCC_WARN_UNUSED_VARIABLE = YES;
				IPHONEOS_DEPLOYMENT_TARGET = 17.2;
				LOCALIZATION_PREFERS_STRING_CATALOGS = YES;
				MTL_ENABLE_DEBUG_INFO = INCLUDE_SOURCE;
				MTL_FAST_MATH = YES;
				ONLY_ACTIVE_ARCH = YES;
				SDKROOT = iphoneos;
				SWIFT_ACTIVE_COMPILATION_CONDITIONS = "DEBUG $(inherited)";
				SWIFT_OPTIMIZATION_LEVEL = "-Onone";
			};
			name = Debug;
		};
		164E11202B45E169008EF153 /* Release */ = {
			isa = XCBuildConfiguration;
			buildSettings = {
				ALWAYS_SEARCH_USER_PATHS = NO;
				ASSETCATALOG_COMPILER_GENERATE_SWIFT_ASSET_SYMBOL_EXTENSIONS = YES;
				CLANG_ANALYZER_NONNULL = YES;
				CLANG_ANALYZER_NUMBER_OBJECT_CONVERSION = YES_AGGRESSIVE;
				CLANG_CXX_LANGUAGE_STANDARD = "gnu++20";
				CLANG_ENABLE_MODULES = YES;
				CLANG_ENABLE_OBJC_ARC = YES;
				CLANG_ENABLE_OBJC_WEAK = YES;
				CLANG_WARN_BLOCK_CAPTURE_AUTORELEASING = YES;
				CLANG_WARN_BOOL_CONVERSION = YES;
				CLANG_WARN_COMMA = YES;
				CLANG_WARN_CONSTANT_CONVERSION = YES;
				CLANG_WARN_DEPRECATED_OBJC_IMPLEMENTATIONS = YES;
				CLANG_WARN_DIRECT_OBJC_ISA_USAGE = YES_ERROR;
				CLANG_WARN_DOCUMENTATION_COMMENTS = YES;
				CLANG_WARN_EMPTY_BODY = YES;
				CLANG_WARN_ENUM_CONVERSION = YES;
				CLANG_WARN_INFINITE_RECURSION = YES;
				CLANG_WARN_INT_CONVERSION = YES;
				CLANG_WARN_NON_LITERAL_NULL_CONVERSION = YES;
				CLANG_WARN_OBJC_IMPLICIT_RETAIN_SELF = YES;
				CLANG_WARN_OBJC_LITERAL_CONVERSION = YES;
				CLANG_WARN_OBJC_ROOT_CLASS = YES_ERROR;
				CLANG_WARN_QUOTED_INCLUDE_IN_FRAMEWORK_HEADER = YES;
				CLANG_WARN_RANGE_LOOP_ANALYSIS = YES;
				CLANG_WARN_STRICT_PROTOTYPES = YES;
				CLANG_WARN_SUSPICIOUS_MOVE = YES;
				CLANG_WARN_UNGUARDED_AVAILABILITY = YES_AGGRESSIVE;
				CLANG_WARN_UNREACHABLE_CODE = YES;
				CLANG_WARN__DUPLICATE_METHOD_MATCH = YES;
				COPY_PHASE_STRIP = NO;
				DEBUG_INFORMATION_FORMAT = "dwarf-with-dsym";
				ENABLE_NS_ASSERTIONS = NO;
				ENABLE_STRICT_OBJC_MSGSEND = YES;
				ENABLE_USER_SCRIPT_SANDBOXING = YES;
				GCC_C_LANGUAGE_STANDARD = gnu17;
				GCC_NO_COMMON_BLOCKS = YES;
				GCC_WARN_64_TO_32_BIT_CONVERSION = YES;
				GCC_WARN_ABOUT_RETURN_TYPE = YES_ERROR;
				GCC_WARN_UNDECLARED_SELECTOR = YES;
				GCC_WARN_UNINITIALIZED_AUTOS = YES_AGGRESSIVE;
				GCC_WARN_UNUSED_FUNCTION = YES;
				GCC_WARN_UNUSED_VARIABLE = YES;
				IPHONEOS_DEPLOYMENT_TARGET = 17.2;
				LOCALIZATION_PREFERS_STRING_CATALOGS = YES;
				MTL_ENABLE_DEBUG_INFO = NO;
				MTL_FAST_MATH = YES;
				SDKROOT = iphoneos;
				SWIFT_COMPILATION_MODE = wholemodule;
				VALIDATE_PRODUCT = YES;
			};
			name = Release;
		};
		164E11222B45E169008EF153 /* Debug */ = {
			isa = XCBuildConfiguration;
			buildSettings = {
				ASSETCATALOG_COMPILER_APPICON_NAME = AppIcon;
				ASSETCATALOG_COMPILER_GLOBAL_ACCENT_COLOR_NAME = AccentColor;
				CODE_SIGN_STYLE = Automatic;
				CURRENT_PROJECT_VERSION = 1;
				DEVELOPMENT_ASSET_PATHS = "\"ReEnabled/Preview Content\"";
				DEVELOPMENT_TEAM = T3SR62DCTW;
				ENABLE_PREVIEWS = YES;
				GENERATE_INFOPLIST_FILE = YES;
				INFOPLIST_KEY_NSCameraUsageDescription = "Used for object recognition";
				INFOPLIST_KEY_UIApplicationSceneManifest_Generation = YES;
				INFOPLIST_KEY_UIApplicationSupportsIndirectInputEvents = YES;
				INFOPLIST_KEY_UILaunchScreen_Generation = YES;
				INFOPLIST_KEY_UISupportedInterfaceOrientations = UIInterfaceOrientationPortrait;
				INFOPLIST_KEY_UISupportedInterfaceOrientations_iPad = "UIInterfaceOrientationLandscapeLeft UIInterfaceOrientationLandscapeRight UIInterfaceOrientationPortrait UIInterfaceOrientationPortraitUpsideDown";
				IPHONEOS_DEPLOYMENT_TARGET = 16.0;
				LD_RUNPATH_SEARCH_PATHS = (
					"$(inherited)",
					"@executable_path/Frameworks",
				);
				MARKETING_VERSION = 1.0;
				PRODUCT_BUNDLE_IDENTIFIER = ljaniszewski00.ReEnabled;
				PRODUCT_NAME = "$(TARGET_NAME)";
				SUPPORTED_PLATFORMS = "iphoneos iphonesimulator";
				SUPPORTS_MACCATALYST = NO;
				SUPPORTS_MAC_DESIGNED_FOR_IPHONE_IPAD = NO;
				SWIFT_EMIT_LOC_STRINGS = YES;
				SWIFT_VERSION = 5.0;
				TARGETED_DEVICE_FAMILY = 1;
			};
			name = Debug;
		};
		164E11232B45E169008EF153 /* Release */ = {
			isa = XCBuildConfiguration;
			buildSettings = {
				ASSETCATALOG_COMPILER_APPICON_NAME = AppIcon;
				ASSETCATALOG_COMPILER_GLOBAL_ACCENT_COLOR_NAME = AccentColor;
				CODE_SIGN_STYLE = Automatic;
				CURRENT_PROJECT_VERSION = 1;
				DEVELOPMENT_ASSET_PATHS = "\"ReEnabled/Preview Content\"";
				DEVELOPMENT_TEAM = T3SR62DCTW;
				ENABLE_PREVIEWS = YES;
				GENERATE_INFOPLIST_FILE = YES;
				INFOPLIST_KEY_NSCameraUsageDescription = "Used for object recognition";
				INFOPLIST_KEY_UIApplicationSceneManifest_Generation = YES;
				INFOPLIST_KEY_UIApplicationSupportsIndirectInputEvents = YES;
				INFOPLIST_KEY_UILaunchScreen_Generation = YES;
				INFOPLIST_KEY_UISupportedInterfaceOrientations = UIInterfaceOrientationPortrait;
				INFOPLIST_KEY_UISupportedInterfaceOrientations_iPad = "UIInterfaceOrientationLandscapeLeft UIInterfaceOrientationLandscapeRight UIInterfaceOrientationPortrait UIInterfaceOrientationPortraitUpsideDown";
				IPHONEOS_DEPLOYMENT_TARGET = 16.0;
				LD_RUNPATH_SEARCH_PATHS = (
					"$(inherited)",
					"@executable_path/Frameworks",
				);
				MARKETING_VERSION = 1.0;
				PRODUCT_BUNDLE_IDENTIFIER = ljaniszewski00.ReEnabled;
				PRODUCT_NAME = "$(TARGET_NAME)";
				SUPPORTED_PLATFORMS = "iphoneos iphonesimulator";
				SUPPORTS_MACCATALYST = NO;
				SUPPORTS_MAC_DESIGNED_FOR_IPHONE_IPAD = NO;
				SWIFT_EMIT_LOC_STRINGS = YES;
				SWIFT_VERSION = 5.0;
				TARGETED_DEVICE_FAMILY = 1;
			};
			name = Release;
		};
/* End XCBuildConfiguration section */

/* Begin XCConfigurationList section */
		164E110E2B45E167008EF153 /* Build configuration list for PBXProject "ReEnabled" */ = {
			isa = XCConfigurationList;
			buildConfigurations = (
				164E111F2B45E169008EF153 /* Debug */,
				164E11202B45E169008EF153 /* Release */,
			);
			defaultConfigurationIsVisible = 0;
			defaultConfigurationName = Release;
		};
		164E11212B45E169008EF153 /* Build configuration list for PBXNativeTarget "ReEnabled" */ = {
			isa = XCConfigurationList;
			buildConfigurations = (
				164E11222B45E169008EF153 /* Debug */,
				164E11232B45E169008EF153 /* Release */,
			);
			defaultConfigurationIsVisible = 0;
			defaultConfigurationName = Release;
		};
/* End XCConfigurationList section */

/* Begin XCRemoteSwiftPackageReference section */
		162856D12B8D23B700691759 /* XCRemoteSwiftPackageReference "Swinject" */ = {
			isa = XCRemoteSwiftPackageReference;
			repositoryURL = "https://github.com/Swinject/Swinject.git";
			requirement = {
				kind = upToNextMajorVersion;
				minimumVersion = 2.8.4;
			};
		};
		165795BB2B549DD6009142C1 /* XCRemoteSwiftPackageReference "OpenAI" */ = {
			isa = XCRemoteSwiftPackageReference;
			repositoryURL = "https://github.com/MacPaw/OpenAI.git";
			requirement = {
				kind = upToNextMajorVersion;
				minimumVersion = 0.2.5;
			};
		};
/* End XCRemoteSwiftPackageReference section */

/* Begin XCSwiftPackageProductDependency section */
		1633118C2B8D31E600896058 /* Swinject */ = {
			isa = XCSwiftPackageProductDependency;
			package = 162856D12B8D23B700691759 /* XCRemoteSwiftPackageReference "Swinject" */;
			productName = Swinject;
		};
		165795BC2B549DD6009142C1 /* OpenAI */ = {
			isa = XCSwiftPackageProductDependency;
			package = 165795BB2B549DD6009142C1 /* XCRemoteSwiftPackageReference "OpenAI" */;
			productName = OpenAI;
		};
/* End XCSwiftPackageProductDependency section */
	};
	rootObject = 164E110B2B45E167008EF153 /* Project object */;
}
